
Microsoft Visual Studio Solution File, Format Version 12.00
# Visual Studio Version 17
VisualStudioVersion = 17.0.31903.59
MinimumVisualStudioVersion = 10.0.40219.1
Project("{2150E333-8FDC-42A3-9474-1A3956D46DE8}") = "src", "src", "{26C8F8DE-1370-49C5-8F59-CE5629D2C396}"
EndProject
Project("{FAE04EC0-301F-11D3-BF4B-00C04F79EFBC}") = "Khadamat.Domain", "src\Khadamat.Domain\Khadamat.Domain.csproj", "{611E549B-8727-4192-BFF2-E743F9954A90}"
EndProject
Project("{FAE04EC0-301F-11D3-BF4B-00C04F79EFBC}") = "Khadamat.Application", "src\Khadamat.Application\Khadamat.Application.csproj", "{6D4A5CBA-1248-488B-99F4-EB9F5087332F}"
EndProject
Project("{FAE04EC0-301F-11D3-BF4B-00C04F79EFBC}") = "Khadamat.Infrastructure", "src\Khadamat.Infrastructure\Khadamat.Infrastructure.csproj", "{3E433AD4-FC78-42D6-9C45-8B590BA2B231}"
EndProject
Project("{FAE04EC0-301F-11D3-BF4B-00C04F79EFBC}") = "Khadamat.WebAPI", "src\Khadamat.WebAPI\Khadamat.WebAPI.csproj", "{D6C0C75C-24F9-4B99-A389-7AD63168C232}"
EndProject
Project("{FAE04EC0-301F-11D3-BF4B-00C04F79EFBC}") = "Khadamat.BlazorUI", "src\Khadamat.BlazorUI\Khadamat.BlazorUI.csproj", "{545F8E75-BE1E-4AA6-89BA-E9DA271D8991}"
EndProject
Project("{FAE04EC0-301F-11D3-BF4B-00C04F79EFBC}") = "Khadamat.Shared", "src\Khadamat.Shared\Khadamat.Shared.csproj", "{27F65819-4C2A-4634-8B2A-CA4EFA31D6F5}"
EndProject
Project("{FAE04EC0-301F-11D3-BF4B-00C04F79EFBC}") = "Khadamat.MobileApp", "src\Khadamat.MobileApp\Khadamat.MobileApp.csproj", "{2B30AC0E-31AA-4A14-8D4A-F390ADEBEE98}"
EndProject
Global
	GlobalSection(SolutionConfigurationPlatforms) = preSolution
		Debug|Any CPU = Debug|Any CPU
		Debug|x64 = Debug|x64
		Debug|x86 = Debug|x86
		Release|Any CPU = Release|Any CPU
		Release|x64 = Release|x64
		Release|x86 = Release|x86
	EndGlobalSection
	GlobalSection(ProjectConfigurationPlatforms) = postSolution
		{611E549B-8727-4192-BFF2-E743F9954A90}.Debug|Any CPU.ActiveCfg = Debug|Any CPU
		{611E549B-8727-4192-BFF2-E743F9954A90}.Debug|Any CPU.Build.0 = Debug|Any CPU
		{611E549B-8727-4192-BFF2-E743F9954A90}.Debug|x64.ActiveCfg = Debug|Any CPU
		{611E549B-8727-4192-BFF2-E743F9954A90}.Debug|x64.Build.0 = Debug|Any CPU
		{611E549B-8727-4192-BFF2-E743F9954A90}.Debug|x86.ActiveCfg = Debug|Any CPU
		{611E549B-8727-4192-BFF2-E743F9954A90}.Debug|x86.Build.0 = Debug|Any CPU
		{611E549B-8727-4192-BFF2-E743F9954A90}.Release|Any CPU.ActiveCfg = Release|Any CPU
		{611E549B-8727-4192-BFF2-E743F9954A90}.Release|Any CPU.Build.0 = Release|Any CPU
		{611E549B-8727-4192-BFF2-E743F9954A90}.Release|x64.ActiveCfg = Release|Any CPU
		{611E549B-8727-4192-BFF2-E743F9954A90}.Release|x64.Build.0 = Release|Any CPU
		{611E549B-8727-4192-BFF2-E743F9954A90}.Release|x86.ActiveCfg = Release|Any CPU
		{611E549B-8727-4192-BFF2-E743F9954A90}.Release|x86.Build.0 = Release|Any CPU
		{6D4A5CBA-1248-488B-99F4-EB9F5087332F}.Debug|Any CPU.ActiveCfg = Debug|Any CPU
		{6D4A5CBA-1248-488B-99F4-EB9F5087332F}.Debug|Any CPU.Build.0 = Debug|Any CPU
		{6D4A5CBA-1248-488B-99F4-EB9F5087332F}.Debug|x64.ActiveCfg = Debug|Any CPU
		{6D4A5CBA-1248-488B-99F4-EB9F5087332F}.Debug|x64.Build.0 = Debug|Any CPU
		{6D4A5CBA-1248-488B-99F4-EB9F5087332F}.Debug|x86.ActiveCfg = Debug|Any CPU
		{6D4A5CBA-1248-488B-99F4-EB9F5087332F}.Debug|x86.Build.0 = Debug|Any CPU
		{6D4A5CBA-1248-488B-99F4-EB9F5087332F}.Release|Any CPU.ActiveCfg = Release|Any CPU
		{6D4A5CBA-1248-488B-99F4-EB9F5087332F}.Release|Any CPU.Build.0 = Release|Any CPU
		{6D4A5CBA-1248-488B-99F4-EB9F5087332F}.Release|x64.ActiveCfg = Release|Any CPU
		{6D4A5CBA-1248-488B-99F4-EB9F5087332F}.Release|x64.Build.0 = Release|Any CPU
		{6D4A5CBA-1248-488B-99F4-EB9F5087332F}.Release|x86.ActiveCfg = Release|Any CPU
		{6D4A5CBA-1248-488B-99F4-EB9F5087332F}.Release|x86.Build.0 = Release|Any CPU
		{3E433AD4-FC78-42D6-9C45-8B590BA2B231}.Debug|Any CPU.ActiveCfg = Debug|Any CPU
		{3E433AD4-FC78-42D6-9C45-8B590BA2B231}.Debug|Any CPU.Build.0 = Debug|Any CPU
		{3E433AD4-FC78-42D6-9C45-8B590BA2B231}.Debug|x64.ActiveCfg = Debug|Any CPU
		{3E433AD4-FC78-42D6-9C45-8B590BA2B231}.Debug|x64.Build.0 = Debug|Any CPU
		{3E433AD4-FC78-42D6-9C45-8B590BA2B231}.Debug|x86.ActiveCfg = Debug|Any CPU
		{3E433AD4-FC78-42D6-9C45-8B590BA2B231}.Debug|x86.Build.0 = Debug|Any CPU
		{3E433AD4-FC78-42D6-9C45-8B590BA2B231}.Release|Any CPU.ActiveCfg = Release|Any CPU
		{3E433AD4-FC78-42D6-9C45-8B590BA2B231}.Release|Any CPU.Build.0 = Release|Any CPU
		{3E433AD4-FC78-42D6-9C45-8B590BA2B231}.Release|x64.ActiveCfg = Release|Any CPU
		{3E433AD4-FC78-42D6-9C45-8B590BA2B231}.Release|x64.Build.0 = Release|Any CPU
		{3E433AD4-FC78-42D6-9C45-8B590BA2B231}.Release|x86.ActiveCfg = Release|Any CPU
		{3E433AD4-FC78-42D6-9C45-8B590BA2B231}.Release|x86.Build.0 = Release|Any CPU
		{D6C0C75C-24F9-4B99-A389-7AD63168C232}.Debug|Any CPU.ActiveCfg = Debug|Any CPU
		{D6C0C75C-24F9-4B99-A389-7AD63168C232}.Debug|Any CPU.Build.0 = Debug|Any CPU
		{D6C0C75C-24F9-4B99-A389-7AD63168C232}.Debug|x64.ActiveCfg = Debug|Any CPU
		{D6C0C75C-24F9-4B99-A389-7AD63168C232}.Debug|x64.Build.0 = Debug|Any CPU
		{D6C0C75C-24F9-4B99-A389-7AD63168C232}.Debug|x86.ActiveCfg = Debug|Any CPU
		{D6C0C75C-24F9-4B99-A389-7AD63168C232}.Debug|x86.Build.0 = Debug|Any CPU
		{D6C0C75C-24F9-4B99-A389-7AD63168C232}.Release|Any CPU.ActiveCfg = Release|Any CPU
		{D6C0C75C-24F9-4B99-A389-7AD63168C232}.Release|Any CPU.Build.0 = Release|Any CPU
		{D6C0C75C-24F9-4B99-A389-7AD63168C232}.Release|x64.ActiveCfg = Release|Any CPU
		{D6C0C75C-24F9-4B99-A389-7AD63168C232}.Release|x64.Build.0 = Release|Any CPU
		{D6C0C75C-24F9-4B99-A389-7AD63168C232}.Release|x86.ActiveCfg = Release|Any CPU
		{D6C0C75C-24F9-4B99-A389-7AD63168C232}.Release|x86.Build.0 = Release|Any CPU
		{545F8E75-BE1E-4AA6-89BA-E9DA271D8991}.Debug|Any CPU.ActiveCfg = Debug|Any CPU
		{545F8E75-BE1E-4AA6-89BA-E9DA271D8991}.Debug|Any CPU.Build.0 = Debug|Any CPU
		{545F8E75-BE1E-4AA6-89BA-E9DA271D8991}.Debug|x64.ActiveCfg = Debug|Any CPU
		{545F8E75-BE1E-4AA6-89BA-E9DA271D8991}.Debug|x64.Build.0 = Debug|Any CPU
		{545F8E75-BE1E-4AA6-89BA-E9DA271D8991}.Debug|x86.ActiveCfg = Debug|Any CPU
		{545F8E75-BE1E-4AA6-89BA-E9DA271D8991}.Debug|x86.Build.0 = Debug|Any CPU
		{545F8E75-BE1E-4AA6-89BA-E9DA271D8991}.Release|Any CPU.ActiveCfg = Release|Any CPU
		{545F8E75-BE1E-4AA6-89BA-E9DA271D8991}.Release|Any CPU.Build.0 = Release|Any CPU
		{545F8E75-BE1E-4AA6-89BA-E9DA271D8991}.Release|x64.ActiveCfg = Release|Any CPU
		{545F8E75-BE1E-4AA6-89BA-E9DA271D8991}.Release|x64.Build.0 = Release|Any CPU
		{545F8E75-BE1E-4AA6-89BA-E9DA271D8991}.Release|x86.ActiveCfg = Release|Any CPU
		{545F8E75-BE1E-4AA6-89BA-E9DA271D8991}.Release|x86.Build.0 = Release|Any CPU
		{27F65819-4C2A-4634-8B2A-CA4EFA31D6F5}.Debug|Any CPU.ActiveCfg = Debug|Any CPU
		{27F65819-4C2A-4634-8B2A-CA4EFA31D6F5}.Debug|Any CPU.Build.0 = Debug|Any CPU
		{27F65819-4C2A-4634-8B2A-CA4EFA31D6F5}.Debug|x64.ActiveCfg = Debug|Any CPU
		{27F65819-4C2A-4634-8B2A-CA4EFA31D6F5}.Debug|x64.Build.0 = Debug|Any CPU
		{27F65819-4C2A-4634-8B2A-CA4EFA31D6F5}.Debug|x86.ActiveCfg = Debug|Any CPU
		{27F65819-4C2A-4634-8B2A-CA4EFA31D6F5}.Debug|x86.Build.0 = Debug|Any CPU
		{27F65819-4C2A-4634-8B2A-CA4EFA31D6F5}.Release|Any CPU.ActiveCfg = Release|Any CPU
		{27F65819-4C2A-4634-8B2A-CA4EFA31D6F5}.Release|Any CPU.Build.0 = Release|Any CPU
		{27F65819-4C2A-4634-8B2A-CA4EFA31D6F5}.Release|x64.ActiveCfg = Release|Any CPU
		{27F65819-4C2A-4634-8B2A-CA4EFA31D6F5}.Release|x64.Build.0 = Release|Any CPU
		{27F65819-4C2A-4634-8B2A-CA4EFA31D6F5}.Release|x86.ActiveCfg = Release|Any CPU
		{27F65819-4C2A-4634-8B2A-CA4EFA31D6F5}.Release|x86.Build.0 = Release|Any CPU
		{2B30AC0E-31AA-4A14-8D4A-F390ADEBEE98}.Debug|Any CPU.ActiveCfg = Debug|Any CPU
		{2B30AC0E-31AA-4A14-8D4A-F390ADEBEE98}.Debug|Any CPU.Build.0 = Debug|Any CPU
		{2B30AC0E-31AA-4A14-8D4A-F390ADEBEE98}.Debug|x64.ActiveCfg = Debug|Any CPU
		{2B30AC0E-31AA-4A14-8D4A-F390ADEBEE98}.Debug|x64.Build.0 = Debug|Any CPU
		{2B30AC0E-31AA-4A14-8D4A-F390ADEBEE98}.Debug|x86.ActiveCfg = Debug|Any CPU
		{2B30AC0E-31AA-4A14-8D4A-F390ADEBEE98}.Debug|x86.Build.0 = Debug|Any CPU
		{2B30AC0E-31AA-4A14-8D4A-F390ADEBEE98}.Release|Any CPU.ActiveCfg = Release|Any CPU
		{2B30AC0E-31AA-4A14-8D4A-F390ADEBEE98}.Release|Any CPU.Build.0 = Release|Any CPU
		{2B30AC0E-31AA-4A14-8D4A-F390ADEBEE98}.Release|x64.ActiveCfg = Release|Any CPU
		{2B30AC0E-31AA-4A14-8D4A-F390ADEBEE98}.Release|x64.Build.0 = Release|Any CPU
		{2B30AC0E-31AA-4A14-8D4A-F390ADEBEE98}.Release|x86.ActiveCfg = Release|Any CPU
		{2B30AC0E-31AA-4A14-8D4A-F390ADEBEE98}.Release|x86.Build.0 = Release|Any CPU
	EndGlobalSection
	GlobalSection(SolutionProperties) = preSolution
		HideSolutionNode = FALSE
	EndGlobalSection
	GlobalSection(NestedProjects) = preSolution
		{611E549B-8727-4192-BFF2-E743F9954A90} = {26C8F8DE-1370-49C5-8F59-CE5629D2C396}
		{6D4A5CBA-1248-488B-99F4-EB9F5087332F} = {26C8F8DE-1370-49C5-8F59-CE5629D2C396}
		{3E433AD4-FC78-42D6-9C45-8B590BA2B231} = {26C8F8DE-1370-49C5-8F59-CE5629D2C396}
		{D6C0C75C-24F9-4B99-A389-7AD63168C232} = {26C8F8DE-1370-49C5-8F59-CE5629D2C396}
		{545F8E75-BE1E-4AA6-89BA-E9DA271D8991} = {26C8F8DE-1370-49C5-8F59-CE5629D2C396}
		{27F65819-4C2A-4634-8B2A-CA4EFA31D6F5} = {26C8F8DE-1370-49C5-8F59-CE5629D2C396}
		{2B30AC0E-31AA-4A14-8D4A-F390ADEBEE98} = {26C8F8DE-1370-49C5-8F59-CE5629D2C396}
	EndGlobalSection
EndGlobal
